
Microsoft Visual Studio Solution File, Format Version 12.00
# Visual Studio 14
VisualStudioVersion = 14.0.25420.1
MinimumVisualStudioVersion = 10.0.40219.1
Project("{FAE04EC0-301F-11D3-BF4B-00C04F79EFBC}") = "Day1", "AdventOfCode2015\Day1.csproj", "{50C584AC-9A93-4F94-AE8A-DA6E22D4BEE4}"
EndProject
Project("{FAE04EC0-301F-11D3-BF4B-00C04F79EFBC}") = "Day10", "Day10\Day10.csproj", "{92FF87C8-07DA-4DB7-847F-4A7A0D70B0DD}"
EndProject
Project("{FAE04EC0-301F-11D3-BF4B-00C04F79EFBC}") = "Day12", "Day12\Day12.csproj", "{CBA95118-4AFD-43FB-B1DD-2D13D619A925}"
EndProject
Project("{FAE04EC0-301F-11D3-BF4B-00C04F79EFBC}") = "Day14", "Day14\Day14.csproj", "{A6CCA55D-5591-41E4-BA86-0FC752C736B6}"
EndProject
Project("{FAE04EC0-301F-11D3-BF4B-00C04F79EFBC}") = "Day15", "Day15\Day15.csproj", "{37CFA0A6-CDC9-4C32-A8C5-8F0931824959}"
EndProject
Project("{FAE04EC0-301F-11D3-BF4B-00C04F79EFBC}") = "Day2", "Day2\Day2.csproj", "{D5F40628-E906-4FDD-94C9-4B657C4D8EBD}"
EndProject
Project("{FAE04EC0-301F-11D3-BF4B-00C04F79EFBC}") = "Day4", "Day4\Day4.csproj", "{C09FC73C-7354-4CF9-9584-9E959E154F32}"
EndProject
Project("{FAE04EC0-301F-11D3-BF4B-00C04F79EFBC}") = "Day5", "Day5\Day5.csproj", "{C0D7BA81-A00B-42D3-BFF6-4B9B3061CEC9}"
EndProject
Project("{FAE04EC0-301F-11D3-BF4B-00C04F79EFBC}") = "Day6", "Day6\Day6.csproj", "{AFC2145A-A03C-42A3-90D9-CD3109295543}"
EndProject
Project("{FAE04EC0-301F-11D3-BF4B-00C04F79EFBC}") = "Day7", "Day7\Day7.csproj", "{A62CCD1F-7627-4CE8-9A8E-7F0225ED0971}"
EndProject
Project("{FAE04EC0-301F-11D3-BF4B-00C04F79EFBC}") = "Day8", "Day8\Day8.csproj", "{3197AA2B-30FB-4181-87FC-2FF342857BEB}"
EndProject
Project("{FAE04EC0-301F-11D3-BF4B-00C04F79EFBC}") = "Day9", "Day9\Day9.csproj", "{BEB9E67D-2076-4146-9230-D425A9A72B0D}"
EndProject
Project("{FAE04EC0-301F-11D3-BF4B-00C04F79EFBC}") = "Day3", "Day3\Day3.csproj", "{84B8D603-63D0-4FBE-BDAF-3DE2B58D7AE1}"
EndProject
Project("{FAE04EC0-301F-11D3-BF4B-00C04F79EFBC}") = "Day11", "Day11\Day11.csproj", "{43165727-4D7B-4B49-BB22-32753C8F92D6}"
EndProject
Global
	GlobalSection(SolutionConfigurationPlatforms) = preSolution
		Debug|Any CPU = Debug|Any CPU
		Release|Any CPU = Release|Any CPU
	EndGlobalSection
	GlobalSection(ProjectConfigurationPlatforms) = postSolution
		{50C584AC-9A93-4F94-AE8A-DA6E22D4BEE4}.Debug|Any CPU.ActiveCfg = Debug|Any CPU
		{50C584AC-9A93-4F94-AE8A-DA6E22D4BEE4}.Debug|Any CPU.Build.0 = Debug|Any CPU
		{50C584AC-9A93-4F94-AE8A-DA6E22D4BEE4}.Release|Any CPU.ActiveCfg = Release|Any CPU
		{50C584AC-9A93-4F94-AE8A-DA6E22D4BEE4}.Release|Any CPU.Build.0 = Release|Any CPU
		{92FF87C8-07DA-4DB7-847F-4A7A0D70B0DD}.Debug|Any CPU.ActiveCfg = Debug|Any CPU
		{92FF87C8-07DA-4DB7-847F-4A7A0D70B0DD}.Debug|Any CPU.Build.0 = Debug|Any CPU
		{92FF87C8-07DA-4DB7-847F-4A7A0D70B0DD}.Release|Any CPU.ActiveCfg = Release|Any CPU
		{92FF87C8-07DA-4DB7-847F-4A7A0D70B0DD}.Release|Any CPU.Build.0 = Release|Any CPU
		{CBA95118-4AFD-43FB-B1DD-2D13D619A925}.Debug|Any CPU.ActiveCfg = Debug|Any CPU
		{CBA95118-4AFD-43FB-B1DD-2D13D619A925}.Debug|Any CPU.Build.0 = Debug|Any CPU
		{CBA95118-4AFD-43FB-B1DD-2D13D619A925}.Release|Any CPU.ActiveCfg = Release|Any CPU
		{CBA95118-4AFD-43FB-B1DD-2D13D619A925}.Release|Any CPU.Build.0 = Release|Any CPU
		{A6CCA55D-5591-41E4-BA86-0FC752C736B6}.Debug|Any CPU.ActiveCfg = Debug|Any CPU
		{A6CCA55D-5591-41E4-BA86-0FC752C736B6}.Debug|Any CPU.Build.0 = Debug|Any CPU
		{A6CCA55D-5591-41E4-BA86-0FC752C736B6}.Release|Any CPU.ActiveCfg = Release|Any CPU
		{A6CCA55D-5591-41E4-BA86-0FC752C736B6}.Release|Any CPU.Build.0 = Release|Any CPU
		{37CFA0A6-CDC9-4C32-A8C5-8F0931824959}.Debug|Any CPU.ActiveCfg = Debug|Any CPU
		{37CFA0A6-CDC9-4C32-A8C5-8F0931824959}.Debug|Any CPU.Build.0 = Debug|Any CPU
		{37CFA0A6-CDC9-4C32-A8C5-8F0931824959}.Release|Any CPU.ActiveCfg = Release|Any CPU
		{37CFA0A6-CDC9-4C32-A8C5-8F0931824959}.Release|Any CPU.Build.0 = Release|Any CPU
		{D5F40628-E906-4FDD-94C9-4B657C4D8EBD}.Debug|Any CPU.ActiveCfg = Debug|Any CPU
		{D5F40628-E906-4FDD-94C9-4B657C4D8EBD}.Debug|Any CPU.Build.0 = Debug|Any CPU
		{D5F40628-E906-4FDD-94C9-4B657C4D8EBD}.Release|Any CPU.ActiveCfg = Release|Any CPU
		{D5F40628-E906-4FDD-94C9-4B657C4D8EBD}.Release|Any CPU.Build.0 = Release|Any CPU
		{C09FC73C-7354-4CF9-9584-9E959E154F32}.Debug|Any CPU.ActiveCfg = Debug|Any CPU
		{C09FC73C-7354-4CF9-9584-9E959E154F32}.Debug|Any CPU.Build.0 = Debug|Any CPU
		{C09FC73C-7354-4CF9-9584-9E959E154F32}.Release|Any CPU.ActiveCfg = Release|Any CPU
		{C09FC73C-7354-4CF9-9584-9E959E154F32}.Release|Any CPU.Build.0 = Release|Any CPU
		{C0D7BA81-A00B-42D3-BFF6-4B9B3061CEC9}.Debug|Any CPU.ActiveCfg = Debug|Any CPU
		{C0D7BA81-A00B-42D3-BFF6-4B9B3061CEC9}.Debug|Any CPU.Build.0 = Debug|Any CPU
		{C0D7BA81-A00B-42D3-BFF6-4B9B3061CEC9}.Release|Any CPU.ActiveCfg = Release|Any CPU
		{C0D7BA81-A00B-42D3-BFF6-4B9B3061CEC9}.Release|Any CPU.Build.0 = Release|Any CPU
		{AFC2145A-A03C-42A3-90D9-CD3109295543}.Debug|Any CPU.ActiveCfg = Debug|Any CPU
		{AFC2145A-A03C-42A3-90D9-CD3109295543}.Debug|Any CPU.Build.0 = Debug|Any CPU
		{AFC2145A-A03C-42A3-90D9-CD3109295543}.Release|Any CPU.ActiveCfg = Release|Any CPU
		{AFC2145A-A03C-42A3-90D9-CD3109295543}.Release|Any CPU.Build.0 = Release|Any CPU
		{A62CCD1F-7627-4CE8-9A8E-7F0225ED0971}.Debug|Any CPU.ActiveCfg = Debug|Any CPU
		{A62CCD1F-7627-4CE8-9A8E-7F0225ED0971}.Debug|Any CPU.Build.0 = Debug|Any CPU
		{A62CCD1F-7627-4CE8-9A8E-7F0225ED0971}.Release|Any CPU.ActiveCfg = Release|Any CPU
		{A62CCD1F-7627-4CE8-9A8E-7F0225ED0971}.Release|Any CPU.Build.0 = Release|Any CPU
		{3197AA2B-30FB-4181-87FC-2FF342857BEB}.Debug|Any CPU.ActiveCfg = Debug|Any CPU
		{3197AA2B-30FB-4181-87FC-2FF342857BEB}.Debug|Any CPU.Build.0 = Debug|Any CPU
		{3197AA2B-30FB-4181-87FC-2FF342857BEB}.Release|Any CPU.ActiveCfg = Release|Any CPU
		{3197AA2B-30FB-4181-87FC-2FF342857BEB}.Release|Any CPU.Build.0 = Release|Any CPU
		{BEB9E67D-2076-4146-9230-D425A9A72B0D}.Debug|Any CPU.ActiveCfg = Debug|Any CPU
		{BEB9E67D-2076-4146-9230-D425A9A72B0D}.Debug|Any CPU.Build.0 = Debug|Any CPU
		{BEB9E67D-2076-4146-9230-D425A9A72B0D}.Release|Any CPU.ActiveCfg = Release|Any CPU
		{BEB9E67D-2076-4146-9230-D425A9A72B0D}.Release|Any CPU.Build.0 = Release|Any CPU
		{84B8D603-63D0-4FBE-BDAF-3DE2B58D7AE1}.Debug|Any CPU.ActiveCfg = Debug|Any CPU
		{84B8D603-63D0-4FBE-BDAF-3DE2B58D7AE1}.Debug|Any CPU.Build.0 = Debug|Any CPU
		{84B8D603-63D0-4FBE-BDAF-3DE2B58D7AE1}.Release|Any CPU.ActiveCfg = Release|Any CPU
		{84B8D603-63D0-4FBE-BDAF-3DE2B58D7AE1}.Release|Any CPU.Build.0 = Release|Any CPU
		{43165727-4D7B-4B49-BB22-32753C8F92D6}.Debug|Any CPU.ActiveCfg = Debug|Any CPU
		{43165727-4D7B-4B49-BB22-32753C8F92D6}.Debug|Any CPU.Build.0 = Debug|Any CPU
		{43165727-4D7B-4B49-BB22-32753C8F92D6}.Release|Any CPU.ActiveCfg = Release|Any CPU
		{43165727-4D7B-4B49-BB22-32753C8F92D6}.Release|Any CPU.Build.0 = Release|Any CPU
	EndGlobalSection
	GlobalSection(SolutionProperties) = preSolution
		HideSolutionNode = FALSE
	EndGlobalSection
EndGlobal
